
Microsoft Visual Studio Solution File, Format Version 12.00
# Visual Studio Version 17
VisualStudioVersion = 17.1.32210.238
MinimumVisualStudioVersion = 10.0.40219.1
Project("{FAE04EC0-301F-11D3-BF4B-00C04F79EFBC}") = "flappy bird", "flappy bird\flappy bird.csproj", "{9F128662-12BD-49F4-A987-72A0C7F76975}"
EndProject
Global
	GlobalSection(SolutionConfigurationPlatforms) = preSolution
		Debug|Any CPU = Debug|Any CPU
		Release|Any CPU = Release|Any CPU
	EndGlobalSection
	GlobalSection(ProjectConfigurationPlatforms) = postSolution
		{9F128662-12BD-49F4-A987-72A0C7F76975}.Debug|Any CPU.ActiveCfg = Debug|Any CPU
		{9F128662-12BD-49F4-A987-72A0C7F76975}.Debug|Any CPU.Build.0 = Debug|Any CPU
		{9F128662-12BD-49F4-A987-72A0C7F76975}.Release|Any CPU.ActiveCfg = Release|Any CPU
		{9F128662-12BD-49F4-A987-72A0C7F76975}.Release|Any CPU.Build.0 = Release|Any CPU
	EndGlobalSection
	GlobalSection(SolutionProperties) = preSolution
		HideSolutionNode = FALSE
	EndGlobalSection
	GlobalSection(ExtensibilityGlobals) = postSolution
		SolutionGuid = {6EB6D146-541C-4D90-9B64-57C85FBE0C7A}
	EndGlobalSection
EndGlobal
